
Microsoft Visual Studio Solution File, Format Version 12.00
# Visual Studio Version 17
VisualStudioVersion = 17.9.34723.18
MinimumVisualStudioVersion = 10.0.40219.1
Project("{8BC9CEB8-8B4A-11D0-8D11-00A0C91BC942}") = "ConditionalStatementsCpp", "ConditionalStatementsCpp.vcxproj", "{C09EDE31-4962-4F41-98FB-E583E5925E3E}"
EndProject
Global
	GlobalSection(SolutionConfigurationPlatforms) = preSolution
		Debug|x64 = Debug|x64
		Debug|x86 = Debug|x86
		Release|x64 = Release|x64
		Release|x86 = Release|x86
	EndGlobalSection
	GlobalSection(ProjectConfigurationPlatforms) = postSolution
		{C09EDE31-4962-4F41-98FB-E583E5925E3E}.Debug|x64.ActiveCfg = Debug|x64
		{C09EDE31-4962-4F41-98FB-E583E5925E3E}.Debug|x64.Build.0 = Debug|x64
		{C09EDE31-4962-4F41-98FB-E583E5925E3E}.Debug|x86.ActiveCfg = Debug|Win32
		{C09EDE31-4962-4F41-98FB-E583E5925E3E}.Debug|x86.Build.0 = Debug|Win32
		{C09EDE31-4962-4F41-98FB-E583E5925E3E}.Release|x64.ActiveCfg = Release|x64
		{C09EDE31-4962-4F41-98FB-E583E5925E3E}.Release|x64.Build.0 = Release|x64
		{C09EDE31-4962-4F41-98FB-E583E5925E3E}.Release|x86.ActiveCfg = Release|Win32
		{C09EDE31-4962-4F41-98FB-E583E5925E3E}.Release|x86.Build.0 = Release|Win32
	EndGlobalSection
	GlobalSection(SolutionProperties) = preSolution
		HideSolutionNode = FALSE
	EndGlobalSection
	GlobalSection(ExtensibilityGlobals) = postSolution
		SolutionGuid = {243E973B-88D9-495B-ACF7-8BC1E378AB54}
	EndGlobalSection
EndGlobal
